
Microsoft Visual Studio Solution File, Format Version 12.00
# Visual Studio Version 16
VisualStudioVersion = 16.0.29306.81
MinimumVisualStudioVersion = 10.0.40219.1
Project("{FAE04EC0-301F-11D3-BF4B-00C04F79EFBC}") = "PaintItBlack", "PaintItBlack\PaintItBlack.csproj", "{9849CEF2-FA86-4A36-BDFA-818C9794D006}"
EndProject
Global
	GlobalSection(SolutionConfigurationPlatforms) = preSolution
		Debug|Any CPU = Debug|Any CPU
		Release|Any CPU = Release|Any CPU
	EndGlobalSection
	GlobalSection(ProjectConfigurationPlatforms) = postSolution
		{9849CEF2-FA86-4A36-BDFA-818C9794D006}.Debug|Any CPU.ActiveCfg = Debug|Any CPU
		{9849CEF2-FA86-4A36-BDFA-818C9794D006}.Debug|Any CPU.Build.0 = Debug|Any CPU
		{9849CEF2-FA86-4A36-BDFA-818C9794D006}.Release|Any CPU.ActiveCfg = Release|Any CPU
		{9849CEF2-FA86-4A36-BDFA-818C9794D006}.Release|Any CPU.Build.0 = Release|Any CPU
	EndGlobalSection
	GlobalSection(SolutionProperties) = preSolution
		HideSolutionNode = FALSE
	EndGlobalSection
	GlobalSection(ExtensibilityGlobals) = postSolution
		SolutionGuid = {4B024998-7C1A-428F-A41A-EE75486862F5}
	EndGlobalSection
EndGlobal
